
Microsoft Visual Studio Solution File, Format Version 12.00
# Visual Studio Version 17
VisualStudioVersion = 17.11.35312.102
MinimumVisualStudioVersion = 10.0.40219.1
Project("{FAE04EC0-301F-11D3-BF4B-00C04F79EFBC}") = "GuestsRoom", "GuestsRoom\GuestsRoom.csproj", "{CF4FDE25-2C38-4C6E-80F7-BB2D0DBE22EB}"
EndProject
Global
	GlobalSection(SolutionConfigurationPlatforms) = preSolution
		Debug|Any CPU = Debug|Any CPU
		Release|Any CPU = Release|Any CPU
	EndGlobalSection
	GlobalSection(ProjectConfigurationPlatforms) = postSolution
		{CF4FDE25-2C38-4C6E-80F7-BB2D0DBE22EB}.Debug|Any CPU.ActiveCfg = Debug|Any CPU
		{CF4FDE25-2C38-4C6E-80F7-BB2D0DBE22EB}.Debug|Any CPU.Build.0 = Debug|Any CPU
		{CF4FDE25-2C38-4C6E-80F7-BB2D0DBE22EB}.Release|Any CPU.ActiveCfg = Release|Any CPU
		{CF4FDE25-2C38-4C6E-80F7-BB2D0DBE22EB}.Release|Any CPU.Build.0 = Release|Any CPU
	EndGlobalSection
	GlobalSection(SolutionProperties) = preSolution
		HideSolutionNode = FALSE
	EndGlobalSection
	GlobalSection(ExtensibilityGlobals) = postSolution
		SolutionGuid = {2510D6AE-BC06-4DE5-BE46-3306ED347AB9}
	EndGlobalSection
EndGlobal
